// !$*UTF8*$!
{
	archiveVersion = 1;
	classes = {
	};
	objectVersion = 46;
	objects = {

/* Begin PBXBuildFile section */
		3ACA14731CCB7F1C00A916A8 /* AppDelegate.swift in Sources */ = {isa = PBXBuildFile; fileRef = 3ACA14721CCB7F1C00A916A8 /* AppDelegate.swift */; };
		3ACA14751CCB7F1C00A916A8 /* Assets.xcassets in Resources */ = {isa = PBXBuildFile; fileRef = 3ACA14741CCB7F1C00A916A8 /* Assets.xcassets */; };
		3ACA14781CCB7F1C00A916A8 /* MainMenu.xib in Resources */ = {isa = PBXBuildFile; fileRef = 3ACA14761CCB7F1C00A916A8 /* MainMenu.xib */; };
		3ACA14831CCB7F1C00A916A8 /* alphajangTests.swift in Sources */ = {isa = PBXBuildFile; fileRef = 3ACA14821CCB7F1C00A916A8 /* alphajangTests.swift */; };
		3ACA148E1CCB7F1C00A916A8 /* alphajangUITests.swift in Sources */ = {isa = PBXBuildFile; fileRef = 3ACA148D1CCB7F1C00A916A8 /* alphajangUITests.swift */; };
/* End PBXBuildFile section */

/* Begin PBXContainerItemProxy section */
		3ACA147F1CCB7F1C00A916A8 /* PBXContainerItemProxy */ = {
			isa = PBXContainerItemProxy;
			containerPortal = 3ACA14671CCB7F1C00A916A8 /* Project object */;
			proxyType = 1;
			remoteGlobalIDString = 3ACA146E1CCB7F1C00A916A8;
			remoteInfo = alphajang;
		};
		3ACA148A1CCB7F1C00A916A8 /* PBXContainerItemProxy */ = {
			isa = PBXContainerItemProxy;
			containerPortal = 3ACA14671CCB7F1C00A916A8 /* Project object */;
			proxyType = 1;
			remoteGlobalIDString = 3ACA146E1CCB7F1C00A916A8;
			remoteInfo = alphajang;
		};
/* End PBXContainerItemProxy section */

/* Begin PBXFileReference section */
		3ACA146F1CCB7F1C00A916A8 /* alphajang.app */ = {isa = PBXFileReference; explicitFileType = wrapper.application; includeInIndex = 0; path = alphajang.app; sourceTree = BUILT_PRODUCTS_DIR; };
		3ACA14721CCB7F1C00A916A8 /* AppDelegate.swift */ = {isa = PBXFileReference; lastKnownFileType = sourcecode.swift; path = AppDelegate.swift; sourceTree = "<group>"; };
		3ACA14741CCB7F1C00A916A8 /* Assets.xcassets */ = {isa = PBXFileReference; lastKnownFileType = folder.assetcatalog; path = Assets.xcassets; sourceTree = "<group>"; };
		3ACA14771CCB7F1C00A916A8 /* Base */ = {isa = PBXFileReference; lastKnownFileType = file.xib; name = Base; path = Base.lproj/MainMenu.xib; sourceTree = "<group>"; };
		3ACA14791CCB7F1C00A916A8 /* Info.plist */ = {isa = PBXFileReference; lastKnownFileType = text.plist.xml; path = Info.plist; sourceTree = "<group>"; };
		3ACA147E1CCB7F1C00A916A8 /* alphajangTests.xctest */ = {isa = PBXFileReference; explicitFileType = wrapper.cfbundle; includeInIndex = 0; path = alphajangTests.xctest; sourceTree = BUILT_PRODUCTS_DIR; };
		3ACA14821CCB7F1C00A916A8 /* alphajangTests.swift */ = {isa = PBXFileReference; lastKnownFileType = sourcecode.swift; path = alphajangTests.swift; sourceTree = "<group>"; };
		3ACA14841CCB7F1C00A916A8 /* Info.plist */ = {isa = PBXFileReference; lastKnownFileType = text.plist.xml; path = Info.plist; sourceTree = "<group>"; };
		3ACA14891CCB7F1C00A916A8 /* alphajangUITests.xctest */ = {isa = PBXFileReference; explicitFileType = wrapper.cfbundle; includeInIndex = 0; path = alphajangUITests.xctest; sourceTree = BUILT_PRODUCTS_DIR; };
		3ACA148D1CCB7F1C00A916A8 /* alphajangUITests.swift */ = {isa = PBXFileReference; lastKnownFileType = sourcecode.swift; path = alphajangUITests.swift; sourceTree = "<group>"; };
		3ACA148F1CCB7F1C00A916A8 /* Info.plist */ = {isa = PBXFileReference; lastKnownFileType = text.plist.xml; path = Info.plist; sourceTree = "<group>"; };
/* End PBXFileReference section */

/* Begin PBXFrameworksBuildPhase section */
		3ACA146C1CCB7F1C00A916A8 /* Frameworks */ = {
			isa = PBXFrameworksBuildPhase;
			buildActionMask = 2147483647;
			files = (
			);
			runOnlyForDeploymentPostprocessing = 0;
		};
		3ACA147B1CCB7F1C00A916A8 /* Frameworks */ = {
			isa = PBXFrameworksBuildPhase;
			buildActionMask = 2147483647;
			files = (
			);
			runOnlyForDeploymentPostprocessing = 0;
		};
		3ACA14861CCB7F1C00A916A8 /* Frameworks */ = {
			isa = PBXFrameworksBuildPhase;
			buildActionMask = 2147483647;
			files = (
			);
			runOnlyForDeploymentPostprocessing = 0;
		};
/* End PBXFrameworksBuildPhase section */

/* Begin PBXGroup section */
		3ACA14661CCB7F1C00A916A8 = {
			isa = PBXGroup;
			children = (
				3ACA14711CCB7F1C00A916A8 /* alphajang */,
				3ACA14811CCB7F1C00A916A8 /* alphajangTests */,
				3ACA148C1CCB7F1C00A916A8 /* alphajangUITests */,
				3ACA14701CCB7F1C00A916A8 /* Products */,
			);
			sourceTree = "<group>";
		};
		3ACA14701CCB7F1C00A916A8 /* Products */ = {
			isa = PBXGroup;
			children = (
				3ACA146F1CCB7F1C00A916A8 /* alphajang.app */,
				3ACA147E1CCB7F1C00A916A8 /* alphajangTests.xctest */,
				3ACA14891CCB7F1C00A916A8 /* alphajangUITests.xctest */,
			);
			name = Products;
			sourceTree = "<group>";
		};
		3ACA14711CCB7F1C00A916A8 /* alphajang */ = {
			isa = PBXGroup;
			children = (
				3ACA14721CCB7F1C00A916A8 /* AppDelegate.swift */,
				3ACA14741CCB7F1C00A916A8 /* Assets.xcassets */,
				3ACA14761CCB7F1C00A916A8 /* MainMenu.xib */,
				3ACA14791CCB7F1C00A916A8 /* Info.plist */,
			);
			path = alphajang;
			sourceTree = "<group>";
		};
		3ACA14811CCB7F1C00A916A8 /* alphajangTests */ = {
			isa = PBXGroup;
			children = (
				3ACA14821CCB7F1C00A916A8 /* alphajangTests.swift */,
				3ACA14841CCB7F1C00A916A8 /* Info.plist */,
			);
			path = alphajangTests;
			sourceTree = "<group>";
		};
		3ACA148C1CCB7F1C00A916A8 /* alphajangUITests */ = {
			isa = PBXGroup;
			children = (
				3ACA148D1CCB7F1C00A916A8 /* alphajangUITests.swift */,
				3ACA148F1CCB7F1C00A916A8 /* Info.plist */,
			);
			path = alphajangUITests;
			sourceTree = "<group>";
		};
/* End PBXGroup section */

/* Begin PBXNativeTarget section */
		3ACA146E1CCB7F1C00A916A8 /* alphajang */ = {
			isa = PBXNativeTarget;
			buildConfigurationList = 3ACA14921CCB7F1C00A916A8 /* Build configuration list for PBXNativeTarget "alphajang" */;
			buildPhases = (
				3ACA146B1CCB7F1C00A916A8 /* Sources */,
				3ACA146C1CCB7F1C00A916A8 /* Frameworks */,
				3ACA146D1CCB7F1C00A916A8 /* Resources */,
			);
			buildRules = (
			);
			dependencies = (
			);
			name = alphajang;
			productName = alphajang;
			productReference = 3ACA146F1CCB7F1C00A916A8 /* alphajang.app */;
			productType = "com.apple.product-type.application";
		};
		3ACA147D1CCB7F1C00A916A8 /* alphajangTests */ = {
			isa = PBXNativeTarget;
			buildConfigurationList = 3ACA14951CCB7F1C00A916A8 /* Build configuration list for PBXNativeTarget "alphajangTests" */;
			buildPhases = (
				3ACA147A1CCB7F1C00A916A8 /* Sources */,
				3ACA147B1CCB7F1C00A916A8 /* Frameworks */,
				3ACA147C1CCB7F1C00A916A8 /* Resources */,
			);
			buildRules = (
			);
			dependencies = (
				3ACA14801CCB7F1C00A916A8 /* PBXTargetDependency */,
			);
			name = alphajangTests;
			productName = alphajangTests;
			productReference = 3ACA147E1CCB7F1C00A916A8 /* alphajangTests.xctest */;
			productType = "com.apple.product-type.bundle.unit-test";
		};
		3ACA14881CCB7F1C00A916A8 /* alphajangUITests */ = {
			isa = PBXNativeTarget;
			buildConfigurationList = 3ACA14981CCB7F1C00A916A8 /* Build configuration list for PBXNativeTarget "alphajangUITests" */;
			buildPhases = (
				3ACA14851CCB7F1C00A916A8 /* Sources */,
				3ACA14861CCB7F1C00A916A8 /* Frameworks */,
				3ACA14871CCB7F1C00A916A8 /* Resources */,
			);
			buildRules = (
			);
			dependencies = (
				3ACA148B1CCB7F1C00A916A8 /* PBXTargetDependency */,
			);
			name = alphajangUITests;
			productName = alphajangUITests;
			productReference = 3ACA14891CCB7F1C00A916A8 /* alphajangUITests.xctest */;
			productType = "com.apple.product-type.bundle.ui-testing";
		};
/* End PBXNativeTarget section */

/* Begin PBXProject section */
		3ACA14671CCB7F1C00A916A8 /* Project object */ = {
			isa = PBXProject;
			attributes = {
				LastSwiftUpdateCheck = 0720;
				LastUpgradeCheck = 0720;
				ORGANIZATIONNAME = namo;
				TargetAttributes = {
					3ACA146E1CCB7F1C00A916A8 = {
						CreatedOnToolsVersion = 7.2.1;
					};
					3ACA147D1CCB7F1C00A916A8 = {
						CreatedOnToolsVersion = 7.2.1;
						TestTargetID = 3ACA146E1CCB7F1C00A916A8;
					};
					3ACA14881CCB7F1C00A916A8 = {
						CreatedOnToolsVersion = 7.2.1;
						TestTargetID = 3ACA146E1CCB7F1C00A916A8;
					};
				};
			};
			buildConfigurationList = 3ACA146A1CCB7F1C00A916A8 /* Build configuration list for PBXProject "alphajang" */;
			compatibilityVersion = "Xcode 3.2";
			developmentRegion = English;
			hasScannedForEncodings = 0;
			knownRegions = (
				en,
				Base,
			);
			mainGroup = 3ACA14661CCB7F1C00A916A8;
			productRefGroup = 3ACA14701CCB7F1C00A916A8 /* Products */;
			projectDirPath = "";
			projectRoot = "";
			targets = (
				3ACA146E1CCB7F1C00A916A8 /* alphajang */,
				3ACA147D1CCB7F1C00A916A8 /* alphajangTests */,
				3ACA14881CCB7F1C00A916A8 /* alphajangUITests */,
			);
		};
/* End PBXProject section */

/* Begin PBXResourcesBuildPhase section */
		3ACA146D1CCB7F1C00A916A8 /* Resources */ = {
			isa = PBXResourcesBuildPhase;
			buildActionMask = 2147483647;
			files = (
				3ACA14751CCB7F1C00A916A8 /* Assets.xcassets in Resources */,
				3ACA14781CCB7F1C00A916A8 /* MainMenu.xib in Resources */,
			);
			runOnlyForDeploymentPostprocessing = 0;
		};
		3ACA147C1CCB7F1C00A916A8 /* Resources */ = {
			isa = PBXResourcesBuildPhase;
			buildActionMask = 2147483647;
			files = (
			);
			runOnlyForDeploymentPostprocessing = 0;
		};
		3ACA14871CCB7F1C00A916A8 /* Resources */ = {
			isa = PBXResourcesBuildPhase;
			buildActionMask = 2147483647;
			files = (
			);
			runOnlyForDeploymentPostprocessing = 0;
		};
/* End PBXResourcesBuildPhase section */

/* Begin PBXSourcesBuildPhase section */
		3ACA146B1CCB7F1C00A916A8 /* Sources */ = {
			isa = PBXSourcesBuildPhase;
			buildActionMask = 2147483647;
			files = (
				3ACA14731CCB7F1C00A916A8 /* AppDelegate.swift in Sources */,
			);
			runOnlyForDeploymentPostprocessing = 0;
		};
		3ACA147A1CCB7F1C00A916A8 /* Sources */ = {
			isa = PBXSourcesBuildPhase;
			buildActionMask = 2147483647;
			files = (
				3ACA14831CCB7F1C00A916A8 /* alphajangTests.swift in Sources */,
			);
			runOnlyForDeploymentPostprocessing = 0;
		};
		3ACA14851CCB7F1C00A916A8 /* Sources */ = {
			isa = PBXSourcesBuildPhase;
			buildActionMask = 2147483647;
			files = (
				3ACA148E1CCB7F1C00A916A8 /* alphajangUITests.swift in Sources */,
			);
			runOnlyForDeploymentPostprocessing = 0;
		};
/* End PBXSourcesBuildPhase section */

/* Begin PBXTargetDependency section */
		3ACA14801CCB7F1C00A916A8 /* PBXTargetDependency */ = {
			isa = PBXTargetDependency;
			target = 3ACA146E1CCB7F1C00A916A8 /* alphajang */;
			targetProxy = 3ACA147F1CCB7F1C00A916A8 /* PBXContainerItemProxy */;
		};
		3ACA148B1CCB7F1C00A916A8 /* PBXTargetDependency */ = {
			isa = PBXTargetDependency;
			target = 3ACA146E1CCB7F1C00A916A8 /* alphajang */;
			targetProxy = 3ACA148A1CCB7F1C00A916A8 /* PBXContainerItemProxy */;
		};
/* End PBXTargetDependency section */

/* Begin PBXVariantGroup section */
		3ACA14761CCB7F1C00A916A8 /* MainMenu.xib */ = {
			isa = PBXVariantGroup;
			children = (
				3ACA14771CCB7F1C00A916A8 /* Base */,
			);
			name = MainMenu.xib;
			sourceTree = "<group>";
		};
/* End PBXVariantGroup section */

/* Begin XCBuildConfiguration section */
		3ACA14901CCB7F1C00A916A8 /* Debug */ = {
			isa = XCBuildConfiguration;
			buildSettings = {
				ALWAYS_SEARCH_USER_PATHS = NO;
				CLANG_CXX_LANGUAGE_STANDARD = "gnu++0x";
				CLANG_CXX_LIBRARY = "libc++";
				CLANG_ENABLE_MODULES = YES;
				CLANG_ENABLE_OBJC_ARC = YES;
				CLANG_WARN_BOOL_CONVERSION = YES;
				CLANG_WARN_CONSTANT_CONVERSION = YES;
				CLANG_WARN_DIRECT_OBJC_ISA_USAGE = YES_ERROR;
				CLANG_WARN_EMPTY_BODY = YES;
				CLANG_WARN_ENUM_CONVERSION = YES;
				CLANG_WARN_INT_CONVERSION = YES;
				CLANG_WARN_OBJC_ROOT_CLASS = YES_ERROR;
				CLANG_WARN_UNREACHABLE_CODE = YES;
				CLANG_WARN__DUPLICATE_METHOD_MATCH = YES;
				CODE_SIGN_IDENTITY = "-";
				COPY_PHASE_STRIP = NO;
				DEBUG_INFORMATION_FORMAT = dwarf;
				ENABLE_STRICT_OBJC_MSGSEND = YES;
				ENABLE_TESTABILITY = YES;
				GCC_C_LANGUAGE_STANDARD = gnu99;
				GCC_DYNAMIC_NO_PIC = NO;
				GCC_NO_COMMON_BLOCKS = YES;
				GCC_OPTIMIZATION_LEVEL = 0;
				GCC_PREPROCESSOR_DEFINITIONS = (
					"DEBUG=1",
					"$(inherited)",
				);
				GCC_WARN_64_TO_32_BIT_CONVERSION = YES;
				GCC_WARN_ABOUT_RETURN_TYPE = YES_ERROR;
				GCC_WARN_UNDECLARED_SELECTOR = YES;
				GCC_WARN_UNINITIALIZED_AUTOS = YES_AGGRESSIVE;
				GCC_WARN_UNUSED_FUNCTION = YES;
				GCC_WARN_UNUSED_VARIABLE = YES;
				MACOSX_DEPLOYMENT_TARGET = 10.10;
				MTL_ENABLE_DEBUG_INFO = YES;
				ONLY_ACTIVE_ARCH = YES;
				SDKROOT = macosx;
				SWIFT_OPTIMIZATION_LEVEL = "-Onone";
			};
			name = Debug;
		};
		3ACA14911CCB7F1C00A916A8 /* Release */ = {
			isa = XCBuildConfiguration;
			buildSettings = {
				ALWAYS_SEARCH_USER_PATHS = NO;
				CLANG_CXX_LANGUAGE_STANDARD = "gnu++0x";
				CLANG_CXX_LIBRARY = "libc++";
				CLANG_ENABLE_MODULES = YES;
				CLANG_ENABLE_OBJC_ARC = YES;
				CLANG_WARN_BOOL_CONVERSION = YES;
				CLANG_WARN_CONSTANT_CONVERSION = YES;
				CLANG_WARN_DIRECT_OBJC_ISA_USAGE = YES_ERROR;
				CLANG_WARN_EMPTY_BODY = YES;
				CLANG_WARN_ENUM_CONVERSION = YES;
				CLANG_WARN_INT_CONVERSION = YES;
				CLANG_WARN_OBJC_ROOT_CLASS = YES_ERROR;
				CLANG_WARN_UNREACHABLE_CODE = YES;
				CLANG_WARN__DUPLICATE_METHOD_MATCH = YES;
				CODE_SIGN_IDENTITY = "-";
				COPY_PHASE_STRIP = NO;
				DEBUG_INFORMATION_FORMAT = "dwarf-with-dsym";
				ENABLE_NS_ASSERTIONS = NO;
				ENABLE_STRICT_OBJC_MSGSEND = YES;
				GCC_C_LANGUAGE_STANDARD = gnu99;
				GCC_NO_COMMON_BLOCKS = YES;
				GCC_WARN_64_TO_32_BIT_CONVERSION = YES;
				GCC_WARN_ABOUT_RETURN_TYPE = YES_ERROR;
				GCC_WARN_UNDECLARED_SELECTOR = YES;
				GCC_WARN_UNINITIALIZED_AUTOS = YES_AGGRESSIVE;
				GCC_WARN_UNUSED_FUNCTION = YES;
				GCC_WARN_UNUSED_VARIABLE = YES;
				MACOSX_DEPLOYMENT_TARGET = 10.10;
				MTL_ENABLE_DEBUG_INFO = NO;
				SDKROOT = macosx;
			};
			name = Release;
		};
		3ACA14931CCB7F1C00A916A8 /* Debug */ = {
			isa = XCBuildConfiguration;
			buildSettings = {
				ASSETCATALOG_COMPILER_APPICON_NAME = AppIcon;
				COMBINE_HIDPI_IMAGES = YES;
				INFOPLIST_FILE = alphajang/Info.plist;
				LD_RUNPATH_SEARCH_PATHS = "$(inherited) @executable_path/../Frameworks";
				PRODUCT_BUNDLE_IDENTIFIER = com.tistory.namocom.alphajang;
				PRODUCT_NAME = "$(TARGET_NAME)";
			};
			name = Debug;
		};
		3ACA14941CCB7F1C00A916A8 /* Release */ = {
			isa = XCBuildConfiguration;
			buildSettings = {
				ASSETCATALOG_COMPILER_APPICON_NAME = AppIcon;
				COMBINE_HIDPI_IMAGES = YES;
				INFOPLIST_FILE = alphajang/Info.plist;
				LD_RUNPATH_SEARCH_PATHS = "$(inherited) @executable_path/../Frameworks";
				PRODUCT_BUNDLE_IDENTIFIER = com.tistory.namocom.alphajang;
				PRODUCT_NAME = "$(TARGET_NAME)";
			};
			name = Release;
		};
		3ACA14961CCB7F1C00A916A8 /* Debug */ = {
			isa = XCBuildConfiguration;
			buildSettings = {
				BUNDLE_LOADER = "$(TEST_HOST)";
				COMBINE_HIDPI_IMAGES = YES;
				INFOPLIST_FILE = alphajangTests/Info.plist;
				LD_RUNPATH_SEARCH_PATHS = "$(inherited) @executable_path/../Frameworks @loader_path/../Frameworks";
				PRODUCT_BUNDLE_IDENTIFIER = com.tistory.namocom.alphajangTests;
				PRODUCT_NAME = "$(TARGET_NAME)";
				TEST_HOST = "$(BUILT_PRODUCTS_DIR)/alphajang.app/Contents/MacOS/alphajang";
			};
			name = Debug;
		};
		3ACA14971CCB7F1C00A916A8 /* Release */ = {
			isa = XCBuildConfiguration;
			buildSettings = {
				BUNDLE_LOADER = "$(TEST_HOST)";
				COMBINE_HIDPI_IMAGES = YES;
				INFOPLIST_FILE = alphajangTests/Info.plist;
				LD_RUNPATH_SEARCH_PATHS = "$(inherited) @executable_path/../Frameworks @loader_path/../Frameworks";
				PRODUCT_BUNDLE_IDENTIFIER = com.tistory.namocom.alphajangTests;
				PRODUCT_NAME = "$(TARGET_NAME)";
				TEST_HOST = "$(BUILT_PRODUCTS_DIR)/alphajang.app/Contents/MacOS/alphajang";
			};
			name = Release;
		};
		3ACA14991CCB7F1C00A916A8 /* Debug */ = {
			isa = XCBuildConfiguration;
			buildSettings = {
				COMBINE_HIDPI_IMAGES = YES;
				INFOPLIST_FILE = alphajangUITests/Info.plist;
				LD_RUNPATH_SEARCH_PATHS = "$(inherited) @executable_path/../Frameworks @loader_path/../Frameworks";
				PRODUCT_BUNDLE_IDENTIFIER = com.tistory.namocom.alphajangUITests;
				PRODUCT_NAME = "$(TARGET_NAME)";
				TEST_TARGET_NAME = alphajang;
				USES_XCTRUNNER = YES;
			};
			name = Debug;
		};
		3ACA149A1CCB7F1C00A916A8 /* Release */ = {
			isa = XCBuildConfiguration;
			buildSettings = {
				COMBINE_HIDPI_IMAGES = YES;
				INFOPLIST_FILE = alphajangUITests/Info.plist;
				LD_RUNPATH_SEARCH_PATHS = "$(inherited) @executable_path/../Frameworks @loader_path/../Frameworks";
				PRODUCT_BUNDLE_IDENTIFIER = com.tistory.namocom.alphajangUITests;
				PRODUCT_NAME = "$(TARGET_NAME)";
				TEST_TARGET_NAME = alphajang;
				USES_XCTRUNNER = YES;
			};
			name = Release;
		};
/* End XCBuildConfiguration section */

/* Begin XCConfigurationList section */
		3ACA146A1CCB7F1C00A916A8 /* Build configuration list for PBXProject "alphajang" */ = {
			isa = XCConfigurationList;
			buildConfigurations = (
				3ACA14901CCB7F1C00A916A8 /* Debug */,
				3ACA14911CCB7F1C00A916A8 /* Release */,
			);
			defaultConfigurationIsVisible = 0;
			defaultConfigurationName = Release;
		};
		3ACA14921CCB7F1C00A916A8 /* Build configuration list for PBXNativeTarget "alphajang" */ = {
			isa = XCConfigurationList;
			buildConfigurations = (
				3ACA14931CCB7F1C00A916A8 /* Debug */,
				3ACA14941CCB7F1C00A916A8 /* Release */,
			);
			defaultConfigurationIsVisible = 0;
		};
		3ACA14951CCB7F1C00A916A8 /* Build configuration list for PBXNativeTarget "alphajangTests" */ = {
			isa = XCConfigurationList;
			buildConfigurations = (
				3ACA14961CCB7F1C00A916A8 /* Debug */,
				3ACA14971CCB7F1C00A916A8 /* Release */,
			);
			defaultConfigurationIsVisible = 0;
		};
		3ACA14981CCB7F1C00A916A8 /* Build configuration list for PBXNativeTarget "alphajangUITests" */ = {
			isa = XCConfigurationList;
			buildConfigurations = (
				3ACA14991CCB7F1C00A916A8 /* Debug */,
				3ACA149A1CCB7F1C00A916A8 /* Release */,
			);
			defaultConfigurationIsVisible = 0;
		};
/* End XCConfigurationList section */
	};
	rootObject = 3ACA14671CCB7F1C00A916A8 /* Project object */;
}
